// !$*UTF8*$!
{
	archiveVersion = 1;
	classes = {
	};
	objectVersion = 46;
	objects = {

/* Begin PBXBuildFile section */
		0231E8ED92F482F03F0CC8D3 /* Pods_VayK.framework in Frameworks */ = {isa = PBXBuildFile; fileRef = 5442ACF0912918BB80273604 /* Pods_VayK.framework */; };
		84124E671D024309007DD75E /* PersonTableViewController.swift in Sources */ = {isa = PBXBuildFile; fileRef = 84124E661D024309007DD75E /* PersonTableViewController.swift */; };
		8431B5FB1CADA5A30071D1DA /* GenderSearchController.swift in Sources */ = {isa = PBXBuildFile; fileRef = 8431B5FA1CADA5A30071D1DA /* GenderSearchController.swift */; };
		84371DB51D1FA69A00C0EB2D /* ExploreCollectionViewCell.swift in Sources */ = {isa = PBXBuildFile; fileRef = 84371DB41D1FA69900C0EB2D /* ExploreCollectionViewCell.swift */; };
		84371DBB1D21D77000C0EB2D /* CustomImageFlowLayout.swift in Sources */ = {isa = PBXBuildFile; fileRef = 84371DBA1D21D77000C0EB2D /* CustomImageFlowLayout.swift */; };
		8444D3001D31CC710090BE56 /* ProgressHUD.bundle in Resources */ = {isa = PBXBuildFile; fileRef = 8444D2FD1D31CC710090BE56 /* ProgressHUD.bundle */; };
		8444D3011D31CC710090BE56 /* ProgressHUD.m in Sources */ = {isa = PBXBuildFile; fileRef = 8444D2FF1D31CC710090BE56 /* ProgressHUD.m */; };
		8444D3091D320C1B0090BE56 /* FBAudienceNetwork.framework in Frameworks */ = {isa = PBXBuildFile; fileRef = 8444D3081D320C1B0090BE56 /* FBAudienceNetwork.framework */; };
		8444D30D1D320C430090BE56 /* ParseCrashReporting.framework in Frameworks */ = {isa = PBXBuildFile; fileRef = 8444D30C1D320C430090BE56 /* ParseCrashReporting.framework */; };
		8444D30F1D320C560090BE56 /* ParseFacebookUtils.framework in Frameworks */ = {isa = PBXBuildFile; fileRef = 8444D30E1D320C560090BE56 /* ParseFacebookUtils.framework */; };
		8444D3111D320C6E0090BE56 /* ParseUI.framework in Frameworks */ = {isa = PBXBuildFile; fileRef = 8444D3101D320C6E0090BE56 /* ParseUI.framework */; };
		8444D3131D320EDF0090BE56 /* FacebookSDK.framework in Frameworks */ = {isa = PBXBuildFile; fileRef = 8444D3121D320EDF0090BE56 /* FacebookSDK.framework */; };
		8444D3151D32120A0090BE56 /* Constants.swift in Sources */ = {isa = PBXBuildFile; fileRef = 8444D3141D32120A0090BE56 /* Constants.swift */; };
		8444D3171D32122B0090BE56 /* ChatViewController.swift in Sources */ = {isa = PBXBuildFile; fileRef = 8444D3161D32122B0090BE56 /* ChatViewController.swift */; };
		8444D31B1D32140D0090BE56 /* MessagesCell.swift in Sources */ = {isa = PBXBuildFile; fileRef = 8444D3191D32140D0090BE56 /* MessagesCell.swift */; };
		8444D31C1D32140D0090BE56 /* MessagesViewController.swift in Sources */ = {isa = PBXBuildFile; fileRef = 8444D31A1D32140D0090BE56 /* MessagesViewController.swift */; };
		8444D31F1D3215560090BE56 /* SelectSingleViewController.swift in Sources */ = {isa = PBXBuildFile; fileRef = 8444D31E1D3215560090BE56 /* SelectSingleViewController.swift */; };
		8444D3221D32159D0090BE56 /* Camera.swift in Sources */ = {isa = PBXBuildFile; fileRef = 8444D3211D32159D0090BE56 /* Camera.swift */; };
		8444D3241D3215A70090BE56 /* Images.swift in Sources */ = {isa = PBXBuildFile; fileRef = 8444D3231D3215A70090BE56 /* Images.swift */; };
		8444D3261D3215B20090BE56 /* Utilities.swift in Sources */ = {isa = PBXBuildFile; fileRef = 8444D3251D3215B20090BE56 /* Utilities.swift */; };
		8444D3281D3215BF0090BE56 /* PushNotification.swift in Sources */ = {isa = PBXBuildFile; fileRef = 8444D3271D3215BF0090BE56 /* PushNotification.swift */; };
		8444D32A1D3215CA0090BE56 /* Messages.swift in Sources */ = {isa = PBXBuildFile; fileRef = 8444D3291D3215CA0090BE56 /* Messages.swift */; };
		8444D50B1D3227AD0090BE56 /* Parse.framework in Frameworks */ = {isa = PBXBuildFile; fileRef = 8444D50A1D3227AD0090BE56 /* Parse.framework */; };
		8444D5AA1D3229E80090BE56 /* Social.framework in Frameworks */ = {isa = PBXBuildFile; fileRef = 8444D5A91D3229E80090BE56 /* Social.framework */; };
		8444D5AC1D3229F00090BE56 /* Accounts.framework in Frameworks */ = {isa = PBXBuildFile; fileRef = 8444D5AB1D3229F00090BE56 /* Accounts.framework */; };
		8444D5AE1D3229FE0090BE56 /* SystemConfiguration.framework in Frameworks */ = {isa = PBXBuildFile; fileRef = 8444D5AD1D3229FE0090BE56 /* SystemConfiguration.framework */; };
		8444D5B01D322A0A0090BE56 /* StoreKit.framework in Frameworks */ = {isa = PBXBuildFile; fileRef = 8444D5AF1D322A0A0090BE56 /* StoreKit.framework */; };
		8444D5B21D322A120090BE56 /* Security.framework in Frameworks */ = {isa = PBXBuildFile; fileRef = 8444D5B11D322A120090BE56 /* Security.framework */; };
		8444D5B41D322A1B0090BE56 /* QuartzCore.framework in Frameworks */ = {isa = PBXBuildFile; fileRef = 8444D5B31D322A1B0090BE56 /* QuartzCore.framework */; };
		8444D5B61D322A240090BE56 /* MobileCoreServices.framework in Frameworks */ = {isa = PBXBuildFile; fileRef = 8444D5B51D322A240090BE56 /* MobileCoreServices.framework */; };
		8444D5B81D322A2B0090BE56 /* CoreLocation.framework in Frameworks */ = {isa = PBXBuildFile; fileRef = 8444D5B71D322A2B0090BE56 /* CoreLocation.framework */; };
		8444D5BA1D322A330090BE56 /* CoreGraphics.framework in Frameworks */ = {isa = PBXBuildFile; fileRef = 8444D5B91D322A320090BE56 /* CoreGraphics.framework */; };
		8444D5BC1D322A3B0090BE56 /* CFNetwork.framework in Frameworks */ = {isa = PBXBuildFile; fileRef = 8444D5BB1D322A3B0090BE56 /* CFNetwork.framework */; };
		8444D5BE1D322A420090BE56 /* AudioToolbox.framework in Frameworks */ = {isa = PBXBuildFile; fileRef = 8444D5BD1D322A420090BE56 /* AudioToolbox.framework */; };
		8444D5C21D3448160090BE56 /* BlindBoxSecondCustomTableViewCell.swift in Sources */ = {isa = PBXBuildFile; fileRef = 8444D5C11D3448160090BE56 /* BlindBoxSecondCustomTableViewCell.swift */; };
		8444D5C41D34B1B10090BE56 /* BlindBoxFourthCustomTableViewCell.swift in Sources */ = {isa = PBXBuildFile; fileRef = 8444D5C31D34B1B10090BE56 /* BlindBoxFourthCustomTableViewCell.swift */; };
		8444D5C61D34ECDE0090BE56 /* Profile2TableViewCell.swift in Sources */ = {isa = PBXBuildFile; fileRef = 8444D5C51D34ECDE0090BE56 /* Profile2TableViewCell.swift */; };
		8444D5C81D36134F0090BE56 /* CustomImage2FlowLayout.swift in Sources */ = {isa = PBXBuildFile; fileRef = 8444D5C71D36134F0090BE56 /* CustomImage2FlowLayout.swift */; };
		8444D5CE1D3626BF0090BE56 /* ccv1.swift in Sources */ = {isa = PBXBuildFile; fileRef = 8444D5CD1D3626BF0090BE56 /* ccv1.swift */; };
		8444D5D01D36FA230090BE56 /* TrendingNearYouTableViewController.swift in Sources */ = {isa = PBXBuildFile; fileRef = 8444D5CF1D36FA230090BE56 /* TrendingNearYouTableViewController.swift */; };
		8444D5D21D36FE9D0090BE56 /* TrendingNearYouTableViewCell.swift in Sources */ = {isa = PBXBuildFile; fileRef = 8444D5D11D36FE9D0090BE56 /* TrendingNearYouTableViewCell.swift */; };
		8444D5D41D36FF0B0090BE56 /* CustomImageView3FlowLayout.swift in Sources */ = {isa = PBXBuildFile; fileRef = 8444D5D31D36FF0B0090BE56 /* CustomImageView3FlowLayout.swift */; };
		844579B51C75224900B43282 /* LoginViewController.swift in Sources */ = {isa = PBXBuildFile; fileRef = 844579B41C75224900B43282 /* LoginViewController.swift */; };
		844579B81C752AF200B43282 /* Courgette-Regular.ttf in Resources */ = {isa = PBXBuildFile; fileRef = 844579B71C752AF200B43282 /* Courgette-Regular.ttf */; };
		845AA3831D4C2B2100510CC3 /* GenderCreateTableViewController.swift in Sources */ = {isa = PBXBuildFile; fileRef = 845AA3821D4C2B2100510CC3 /* GenderCreateTableViewController.swift */; };
		845AA3851D4D0E7F00510CC3 /* GenderCreateTableViewCell.swift in Sources */ = {isa = PBXBuildFile; fileRef = 845AA3841D4D0E7F00510CC3 /* GenderCreateTableViewCell.swift */; };
		845AA3871D4FD4DA00510CC3 /* CategoryTableViewController.swift in Sources */ = {isa = PBXBuildFile; fileRef = 845AA3861D4FD4DA00510CC3 /* CategoryTableViewController.swift */; };
		845AA3891D50381B00510CC3 /* GroupsViewController.swift in Sources */ = {isa = PBXBuildFile; fileRef = 845AA3881D50381B00510CC3 /* GroupsViewController.swift */; };
		845AA38B1D5061DC00510CC3 /* CategoryCreateTableViewCell.swift in Sources */ = {isa = PBXBuildFile; fileRef = 845AA38A1D5061DC00510CC3 /* CategoryCreateTableViewCell.swift */; };
		845AA38F1D51CF5000510CC3 /* GroupsTableViewCell.swift in Sources */ = {isa = PBXBuildFile; fileRef = 845AA38E1D51CF5000510CC3 /* GroupsTableViewCell.swift */; };
		845AA3911D52E5CC00510CC3 /* SearchTableViewCell.swift in Sources */ = {isa = PBXBuildFile; fileRef = 845AA3901D52E5CC00510CC3 /* SearchTableViewCell.swift */; };
		845F4B9E1CFD5FC800766A05 /* Courgette-Regular.ttf in Resources */ = {isa = PBXBuildFile; fileRef = 844579B71C752AF200B43282 /* Courgette-Regular.ttf */; };
		845F4BB01CFD630500766A05 /* gotham_rounded.png in Resources */ = {isa = PBXBuildFile; fileRef = 845F4BA21CFD630500766A05 /* gotham_rounded.png */; };
		845F4BB11CFD630500766A05 /* GothamRounded-Bold.otf in Resources */ = {isa = PBXBuildFile; fileRef = 845F4BA31CFD630500766A05 /* GothamRounded-Bold.otf */; };
		845F4BB21CFD630500766A05 /* GothamRounded-BoldItalic.otf in Resources */ = {isa = PBXBuildFile; fileRef = 845F4BA41CFD630500766A05 /* GothamRounded-BoldItalic.otf */; };
		845F4BB31CFD630500766A05 /* GothamRounded-Book.otf in Resources */ = {isa = PBXBuildFile; fileRef = 845F4BA51CFD630500766A05 /* GothamRounded-Book.otf */; };
		845F4BB41CFD630500766A05 /* GothamRounded-BookItalic.otf in Resources */ = {isa = PBXBuildFile; fileRef = 845F4BA61CFD630500766A05 /* GothamRounded-BookItalic.otf */; };
		845F4BB51CFD630500766A05 /* GothamRounded-Light.otf in Resources */ = {isa = PBXBuildFile; fileRef = 845F4BA71CFD630500766A05 /* GothamRounded-Light.otf */; };
		845F4BB61CFD630500766A05 /* GothamRounded-LightItalic.otf in Resources */ = {isa = PBXBuildFile; fileRef = 845F4BA81CFD630500766A05 /* GothamRounded-LightItalic.otf */; };
		845F4BB71CFD630500766A05 /* GothamRounded-Medium.otf in Resources */ = {isa = PBXBuildFile; fileRef = 845F4BA91CFD630500766A05 /* GothamRounded-Medium.otf */; };
		845F4BB81CFD630500766A05 /* GothamRounded-MediumItalic.otf in Resources */ = {isa = PBXBuildFile; fileRef = 845F4BAA1CFD630500766A05 /* GothamRounded-MediumItalic.otf */; };
		845F4BB91CFD630500766A05 /* GothamRoundedBold_21016.ttf in Resources */ = {isa = PBXBuildFile; fileRef = 845F4BAB1CFD630500766A05 /* GothamRoundedBold_21016.ttf */; };
		845F4BBA1CFD630500766A05 /* GothamRoundedBook_21018.ttf in Resources */ = {isa = PBXBuildFile; fileRef = 845F4BAC1CFD630500766A05 /* GothamRoundedBook_21018.ttf */; };
		845F4BBB1CFD630500766A05 /* GothamRoundedLight_21020.ttf in Resources */ = {isa = PBXBuildFile; fileRef = 845F4BAD1CFD630500766A05 /* GothamRoundedLight_21020.ttf */; };
		845F4BBC1CFD630500766A05 /* GothamRoundedMedium_21022.ttf in Resources */ = {isa = PBXBuildFile; fileRef = 845F4BAE1CFD630500766A05 /* GothamRoundedMedium_21022.ttf */; };
		845F4BBD1CFD630500766A05 /* myfontsfree.txt in Resources */ = {isa = PBXBuildFile; fileRef = 845F4BAF1CFD630500766A05 /* myfontsfree.txt */; };
		846AFD311D62E67C00FC5F72 /* EditProfileBioCustomTableViewCell.swift in Sources */ = {isa = PBXBuildFile; fileRef = 846AFD301D62E67C00FC5F72 /* EditProfileBioCustomTableViewCell.swift */; };
		846AFD341D65055100FC5F72 /* EditProfileFirstCustomTableViewCell.swift in Sources */ = {isa = PBXBuildFile; fileRef = 846AFD331D65055100FC5F72 /* EditProfileFirstCustomTableViewCell.swift */; };
		846AFD361D6505D500FC5F72 /* EditProfileSecondCustomTableViewCell.swift in Sources */ = {isa = PBXBuildFile; fileRef = 846AFD351D6505D500FC5F72 /* EditProfileSecondCustomTableViewCell.swift */; };
		846AFD381D656A7C00FC5F72 /* EditProfileThirdCustomTableViewCell.swift in Sources */ = {isa = PBXBuildFile; fileRef = 846AFD371D656A7C00FC5F72 /* EditProfileThirdCustomTableViewCell.swift */; };
		848471A71D23D0A3005805FE /* RestaurantTableViewController.swift in Sources */ = {isa = PBXBuildFile; fileRef = 848471A61D23D0A3005805FE /* RestaurantTableViewController.swift */; };
		848471A91D23D0C8005805FE /* RestaurantDetailTableViewController.swift in Sources */ = {isa = PBXBuildFile; fileRef = 848471A81D23D0C8005805FE /* RestaurantDetailTableViewController.swift */; };
		848471AB1D246929005805FE /* ProfileTableViewController.swift in Sources */ = {isa = PBXBuildFile; fileRef = 848471AA1D246929005805FE /* ProfileTableViewController.swift */; };
		848471AD1D246965005805FE /* ProfileTableViewCell.swift in Sources */ = {isa = PBXBuildFile; fileRef = 848471AC1D246965005805FE /* ProfileTableViewCell.swift */; };
		848471AF1D24AC11005805FE /* Helpers.swift in Sources */ = {isa = PBXBuildFile; fileRef = 848471AE1D24AC11005805FE /* Helpers.swift */; };
		848471B31D24D565005805FE /* ProfileSecondCustomTableViewCell.swift in Sources */ = {isa = PBXBuildFile; fileRef = 848471B21D24D565005805FE /* ProfileSecondCustomTableViewCell.swift */; };
		848471B51D24D9CC005805FE /* ProfileFirstCustomTableViewCell.swift in Sources */ = {isa = PBXBuildFile; fileRef = 848471B41D24D9CC005805FE /* ProfileFirstCustomTableViewCell.swift */; };
		848471B71D24F943005805FE /* BlindBoxCollectionViewController.swift in Sources */ = {isa = PBXBuildFile; fileRef = 848471B61D24F942005805FE /* BlindBoxCollectionViewController.swift */; };
		848471B91D24FEFC005805FE /* BlindBoxFirstCustomTableViewCell.swift in Sources */ = {isa = PBXBuildFile; fileRef = 848471B81D24FEFC005805FE /* BlindBoxFirstCustomTableViewCell.swift */; };
		849163A91CC0D9A000A68905 /* Restaurant.swift in Sources */ = {isa = PBXBuildFile; fileRef = 849163A81CC0D9A000A68905 /* Restaurant.swift */; };
		849BB6EA1CC0EF230001E45B /* RestaurantTableViewCell.swift in Sources */ = {isa = PBXBuildFile; fileRef = 849BB6E91CC0EF230001E45B /* RestaurantTableViewCell.swift */; };
		849BB6EE1CC0F2D70001E45B /* RestaurantDetailTableViewCell.swift in Sources */ = {isa = PBXBuildFile; fileRef = 849BB6ED1CC0F2D70001E45B /* RestaurantDetailTableViewCell.swift */; };
		849BB6F21CC98A010001E45B /* AddRestaurantController.swift in Sources */ = {isa = PBXBuildFile; fileRef = 849BB6F11CC98A010001E45B /* AddRestaurantController.swift */; };
		849FE4481D3DC7D500BC3312 /* Candy.swift in Sources */ = {isa = PBXBuildFile; fileRef = 849FE4471D3DC7D500BC3312 /* Candy.swift */; };
		849FE44C1D3DD69000BC3312 /* SearchTableViewController.swift in Sources */ = {isa = PBXBuildFile; fileRef = 849FE44B1D3DD69000BC3312 /* SearchTableViewController.swift */; };
		84AD61801CADF58B00600F8B /* GenderSearchTableViewCell.swift in Sources */ = {isa = PBXBuildFile; fileRef = 84AD617F1CADF58B00600F8B /* GenderSearchTableViewCell.swift */; };
		84D0278E1CD5CC4700FF0548 /* Info.plist in Resources */ = {isa = PBXBuildFile; fileRef = 84D0278D1CD5CC4700FF0548 /* Info.plist */; };
		84D027981CD987B800FF0548 /* Person.swift in Sources */ = {isa = PBXBuildFile; fileRef = 84D027971CD987B800FF0548 /* Person.swift */; };
		84D0279A1CD987C500FF0548 /* ChoosePersonViewController.swift in Sources */ = {isa = PBXBuildFile; fileRef = 84D027991CD987C500FF0548 /* ChoosePersonViewController.swift */; };
		84D0279C1CD987D500FF0548 /* ImageLabelView.swift in Sources */ = {isa = PBXBuildFile; fileRef = 84D0279B1CD987D500FF0548 /* ImageLabelView.swift */; };
		84D0279E1CD987E100FF0548 /* ChoosePersonView.swift in Sources */ = {isa = PBXBuildFile; fileRef = 84D0279D1CD987E100FF0548 /* ChoosePersonView.swift */; };
		84D027A41CE1C51700FF0548 /* WalkthroughContentViewController.swift in Sources */ = {isa = PBXBuildFile; fileRef = 84D027A31CE1C51700FF0548 /* WalkthroughContentViewController.swift */; };
		84D027A61CE1D10C00FF0548 /* WalkthroughPageViewController.swift in Sources */ = {isa = PBXBuildFile; fileRef = 84D027A51CE1D10B00FF0548 /* WalkthroughPageViewController.swift */; };
		84D027A81CE3DA5100FF0548 /* EditTableViewController.swift in Sources */ = {isa = PBXBuildFile; fileRef = 84D027A71CE3DA5100FF0548 /* EditTableViewController.swift */; };
		84E329B41CB476940023BB67 /* SettingsTableViewController.swift in Sources */ = {isa = PBXBuildFile; fileRef = 84E329B31CB476940023BB67 /* SettingsTableViewController.swift */; };
		84E514931C7E9DC5009C30E0 /* MainController.swift in Sources */ = {isa = PBXBuildFile; fileRef = 84E514921C7E9DC5009C30E0 /* MainController.swift */; };
		C9563A6E1B8DD8C7001FD9B3 /* AppDelegate.swift in Sources */ = {isa = PBXBuildFile; fileRef = C9563A6D1B8DD8C7001FD9B3 /* AppDelegate.swift */; };
		C9563A701B8DD8C7001FD9B3 /* ViewController.swift in Sources */ = {isa = PBXBuildFile; fileRef = C9563A6F1B8DD8C7001FD9B3 /* ViewController.swift */; };
		C9563A731B8DD8C7001FD9B3 /* Main.storyboard in Resources */ = {isa = PBXBuildFile; fileRef = C9563A711B8DD8C7001FD9B3 /* Main.storyboard */; };
		C9563A751B8DD8C7001FD9B3 /* Images.xcassets in Resources */ = {isa = PBXBuildFile; fileRef = C9563A741B8DD8C7001FD9B3 /* Images.xcassets */; };
		C9563A781B8DD8C7001FD9B3 /* LaunchScreen.xib in Resources */ = {isa = PBXBuildFile; fileRef = C9563A761B8DD8C7001FD9B3 /* LaunchScreen.xib */; };
		C9563A841B8DD8C7001FD9B3 /* VayKTests.swift in Sources */ = {isa = PBXBuildFile; fileRef = C9563A831B8DD8C7001FD9B3 /* VayKTests.swift */; };
/* End PBXBuildFile section */

/* Begin PBXContainerItemProxy section */
		C9563A7E1B8DD8C7001FD9B3 /* PBXContainerItemProxy */ = {
			isa = PBXContainerItemProxy;
			containerPortal = C9563A601B8DD8C7001FD9B3 /* Project object */;
			proxyType = 1;
			remoteGlobalIDString = C9563A671B8DD8C7001FD9B3;
			remoteInfo = VayK;
		};
/* End PBXContainerItemProxy section */

/* Begin PBXFileReference section */
		0382D414864DBA45850E9515 /* Pods-VayK.debug.xcconfig */ = {isa = PBXFileReference; includeInIndex = 1; lastKnownFileType = text.xcconfig; name = "Pods-VayK.debug.xcconfig"; path = "Pods/Target Support Files/Pods-VayK/Pods-VayK.debug.xcconfig"; sourceTree = "<group>"; };
		201A5AD1E1E6D7249971349E /* Pods-VayK.release.xcconfig */ = {isa = PBXFileReference; includeInIndex = 1; lastKnownFileType = text.xcconfig; name = "Pods-VayK.release.xcconfig"; path = "Pods/Target Support Files/Pods-VayK/Pods-VayK.release.xcconfig"; sourceTree = "<group>"; };
		5442ACF0912918BB80273604 /* Pods_VayK.framework */ = {isa = PBXFileReference; explicitFileType = wrapper.framework; includeInIndex = 0; path = Pods_VayK.framework; sourceTree = BUILT_PRODUCTS_DIR; };
		84124E661D024309007DD75E /* PersonTableViewController.swift */ = {isa = PBXFileReference; fileEncoding = 4; lastKnownFileType = sourcecode.swift; path = PersonTableViewController.swift; sourceTree = "<group>"; };
		8431B5FA1CADA5A30071D1DA /* GenderSearchController.swift */ = {isa = PBXFileReference; fileEncoding = 4; lastKnownFileType = sourcecode.swift; path = GenderSearchController.swift; sourceTree = "<group>"; };
		84371DB41D1FA69900C0EB2D /* ExploreCollectionViewCell.swift */ = {isa = PBXFileReference; fileEncoding = 4; lastKnownFileType = sourcecode.swift; path = ExploreCollectionViewCell.swift; sourceTree = "<group>"; };
		84371DBA1D21D77000C0EB2D /* CustomImageFlowLayout.swift */ = {isa = PBXFileReference; fileEncoding = 4; lastKnownFileType = sourcecode.swift; path = CustomImageFlowLayout.swift; sourceTree = "<group>"; };
		8444D1091D2D07D20090BE56 /* VayK-Bridging-Header.h */ = {isa = PBXFileReference; fileEncoding = 4; lastKnownFileType = sourcecode.c.h; path = "VayK-Bridging-Header.h"; sourceTree = "<group>"; };
		8444D2FD1D31CC710090BE56 /* ProgressHUD.bundle */ = {isa = PBXFileReference; lastKnownFileType = "wrapper.plug-in"; path = ProgressHUD.bundle; sourceTree = "<group>"; };
		8444D2FE1D31CC710090BE56 /* ProgressHUD.h */ = {isa = PBXFileReference; fileEncoding = 4; lastKnownFileType = sourcecode.c.h; path = ProgressHUD.h; sourceTree = "<group>"; };
		8444D2FF1D31CC710090BE56 /* ProgressHUD.m */ = {isa = PBXFileReference; fileEncoding = 4; lastKnownFileType = sourcecode.c.objc; path = ProgressHUD.m; sourceTree = "<group>"; };
		8444D3081D320C1B0090BE56 /* FBAudienceNetwork.framework */ = {isa = PBXFileReference; lastKnownFileType = wrapper.framework; name = FBAudienceNetwork.framework; path = Frameworks/FBAudienceNetwork.framework; sourceTree = "<group>"; };
		8444D30C1D320C430090BE56 /* ParseCrashReporting.framework */ = {isa = PBXFileReference; lastKnownFileType = wrapper.framework; name = ParseCrashReporting.framework; path = Frameworks/ParseCrashReporting.framework; sourceTree = "<group>"; };
		8444D30E1D320C560090BE56 /* ParseFacebookUtils.framework */ = {isa = PBXFileReference; lastKnownFileType = wrapper.framework; name = ParseFacebookUtils.framework; path = Frameworks/ParseFacebookUtils.framework; sourceTree = "<group>"; };
		8444D3101D320C6E0090BE56 /* ParseUI.framework */ = {isa = PBXFileReference; lastKnownFileType = wrapper.framework; name = ParseUI.framework; path = Frameworks/ParseUI.framework; sourceTree = "<group>"; };
		8444D3121D320EDF0090BE56 /* FacebookSDK.framework */ = {isa = PBXFileReference; lastKnownFileType = wrapper.framework; name = FacebookSDK.framework; path = Frameworks/FacebookSDK.framework; sourceTree = "<group>"; };
		8444D3141D32120A0090BE56 /* Constants.swift */ = {isa = PBXFileReference; fileEncoding = 4; lastKnownFileType = sourcecode.swift; path = Constants.swift; sourceTree = "<group>"; };
		8444D3161D32122B0090BE56 /* ChatViewController.swift */ = {isa = PBXFileReference; fileEncoding = 4; lastKnownFileType = sourcecode.swift; path = ChatViewController.swift; sourceTree = "<group>"; };
		8444D3191D32140D0090BE56 /* MessagesCell.swift */ = {isa = PBXFileReference; fileEncoding = 4; lastKnownFileType = sourcecode.swift; path = MessagesCell.swift; sourceTree = "<group>"; };
		8444D31A1D32140D0090BE56 /* MessagesViewController.swift */ = {isa = PBXFileReference; fileEncoding = 4; lastKnownFileType = sourcecode.swift; path = MessagesViewController.swift; sourceTree = "<group>"; };
		8444D31E1D3215560090BE56 /* SelectSingleViewController.swift */ = {isa = PBXFileReference; fileEncoding = 4; lastKnownFileType = sourcecode.swift; path = SelectSingleViewController.swift; sourceTree = "<group>"; };
		8444D3211D32159D0090BE56 /* Camera.swift */ = {isa = PBXFileReference; fileEncoding = 4; lastKnownFileType = sourcecode.swift; path = Camera.swift; sourceTree = "<group>"; };
		8444D3231D3215A70090BE56 /* Images.swift */ = {isa = PBXFileReference; fileEncoding = 4; lastKnownFileType = sourcecode.swift; path = Images.swift; sourceTree = "<group>"; };
		8444D3251D3215B20090BE56 /* Utilities.swift */ = {isa = PBXFileReference; fileEncoding = 4; lastKnownFileType = sourcecode.swift; path = Utilities.swift; sourceTree = "<group>"; };
		8444D3271D3215BF0090BE56 /* PushNotification.swift */ = {isa = PBXFileReference; fileEncoding = 4; lastKnownFileType = sourcecode.swift; path = PushNotification.swift; sourceTree = "<group>"; };
		8444D3291D3215CA0090BE56 /* Messages.swift */ = {isa = PBXFileReference; fileEncoding = 4; lastKnownFileType = sourcecode.swift; path = Messages.swift; sourceTree = "<group>"; };
		8444D50A1D3227AD0090BE56 /* Parse.framework */ = {isa = PBXFileReference; lastKnownFileType = wrapper.framework; name = Parse.framework; path = Frameworks/Parse.framework; sourceTree = "<group>"; };
		8444D5A91D3229E80090BE56 /* Social.framework */ = {isa = PBXFileReference; lastKnownFileType = wrapper.framework; name = Social.framework; path = System/Library/Frameworks/Social.framework; sourceTree = SDKROOT; };
		8444D5AB1D3229F00090BE56 /* Accounts.framework */ = {isa = PBXFileReference; lastKnownFileType = wrapper.framework; name = Accounts.framework; path = System/Library/Frameworks/Accounts.framework; sourceTree = SDKROOT; };
		8444D5AD1D3229FE0090BE56 /* SystemConfiguration.framework */ = {isa = PBXFileReference; lastKnownFileType = wrapper.framework; name = SystemConfiguration.framework; path = System/Library/Frameworks/SystemConfiguration.framework; sourceTree = SDKROOT; };
		8444D5AF1D322A0A0090BE56 /* StoreKit.framework */ = {isa = PBXFileReference; lastKnownFileType = wrapper.framework; name = StoreKit.framework; path = System/Library/Frameworks/StoreKit.framework; sourceTree = SDKROOT; };
		8444D5B11D322A120090BE56 /* Security.framework */ = {isa = PBXFileReference; lastKnownFileType = wrapper.framework; name = Security.framework; path = System/Library/Frameworks/Security.framework; sourceTree = SDKROOT; };
		8444D5B31D322A1B0090BE56 /* QuartzCore.framework */ = {isa = PBXFileReference; lastKnownFileType = wrapper.framework; name = QuartzCore.framework; path = System/Library/Frameworks/QuartzCore.framework; sourceTree = SDKROOT; };
		8444D5B51D322A240090BE56 /* MobileCoreServices.framework */ = {isa = PBXFileReference; lastKnownFileType = wrapper.framework; name = MobileCoreServices.framework; path = System/Library/Frameworks/MobileCoreServices.framework; sourceTree = SDKROOT; };
		8444D5B71D322A2B0090BE56 /* CoreLocation.framework */ = {isa = PBXFileReference; lastKnownFileType = wrapper.framework; name = CoreLocation.framework; path = System/Library/Frameworks/CoreLocation.framework; sourceTree = SDKROOT; };
		8444D5B91D322A320090BE56 /* CoreGraphics.framework */ = {isa = PBXFileReference; lastKnownFileType = wrapper.framework; name = CoreGraphics.framework; path = System/Library/Frameworks/CoreGraphics.framework; sourceTree = SDKROOT; };
		8444D5BB1D322A3B0090BE56 /* CFNetwork.framework */ = {isa = PBXFileReference; lastKnownFileType = wrapper.framework; name = CFNetwork.framework; path = System/Library/Frameworks/CFNetwork.framework; sourceTree = SDKROOT; };
		8444D5BD1D322A420090BE56 /* AudioToolbox.framework */ = {isa = PBXFileReference; lastKnownFileType = wrapper.framework; name = AudioToolbox.framework; path = System/Library/Frameworks/AudioToolbox.framework; sourceTree = SDKROOT; };
		8444D5C11D3448160090BE56 /* BlindBoxSecondCustomTableViewCell.swift */ = {isa = PBXFileReference; fileEncoding = 4; lastKnownFileType = sourcecode.swift; path = BlindBoxSecondCustomTableViewCell.swift; sourceTree = "<group>"; };
		8444D5C31D34B1B10090BE56 /* BlindBoxFourthCustomTableViewCell.swift */ = {isa = PBXFileReference; fileEncoding = 4; lastKnownFileType = sourcecode.swift; path = BlindBoxFourthCustomTableViewCell.swift; sourceTree = "<group>"; };
		8444D5C51D34ECDE0090BE56 /* Profile2TableViewCell.swift */ = {isa = PBXFileReference; fileEncoding = 4; lastKnownFileType = sourcecode.swift; path = Profile2TableViewCell.swift; sourceTree = "<group>"; };
		8444D5C71D36134F0090BE56 /* CustomImage2FlowLayout.swift */ = {isa = PBXFileReference; fileEncoding = 4; lastKnownFileType = sourcecode.swift; path = CustomImage2FlowLayout.swift; sourceTree = "<group>"; };
		8444D5CD1D3626BF0090BE56 /* ccv1.swift */ = {isa = PBXFileReference; fileEncoding = 4; lastKnownFileType = sourcecode.swift; path = ccv1.swift; sourceTree = "<group>"; };
		8444D5CF1D36FA230090BE56 /* TrendingNearYouTableViewController.swift */ = {isa = PBXFileReference; fileEncoding = 4; lastKnownFileType = sourcecode.swift; path = TrendingNearYouTableViewController.swift; sourceTree = "<group>"; };
		8444D5D11D36FE9D0090BE56 /* TrendingNearYouTableViewCell.swift */ = {isa = PBXFileReference; fileEncoding = 4; lastKnownFileType = sourcecode.swift; path = TrendingNearYouTableViewCell.swift; sourceTree = "<group>"; };
		8444D5D31D36FF0B0090BE56 /* CustomImageView3FlowLayout.swift */ = {isa = PBXFileReference; fileEncoding = 4; lastKnownFileType = sourcecode.swift; path = CustomImageView3FlowLayout.swift; sourceTree = "<group>"; };
		844579B41C75224900B43282 /* LoginViewController.swift */ = {isa = PBXFileReference; fileEncoding = 4; lastKnownFileType = sourcecode.swift; path = LoginViewController.swift; sourceTree = "<group>"; };
		844579B71C752AF200B43282 /* Courgette-Regular.ttf */ = {isa = PBXFileReference; lastKnownFileType = file; path = "Courgette-Regular.ttf"; sourceTree = "<group>"; };
		845AA3821D4C2B2100510CC3 /* GenderCreateTableViewController.swift */ = {isa = PBXFileReference; fileEncoding = 4; lastKnownFileType = sourcecode.swift; path = GenderCreateTableViewController.swift; sourceTree = "<group>"; };
		845AA3841D4D0E7F00510CC3 /* GenderCreateTableViewCell.swift */ = {isa = PBXFileReference; fileEncoding = 4; lastKnownFileType = sourcecode.swift; path = GenderCreateTableViewCell.swift; sourceTree = "<group>"; };
		845AA3861D4FD4DA00510CC3 /* CategoryTableViewController.swift */ = {isa = PBXFileReference; fileEncoding = 4; lastKnownFileType = sourcecode.swift; path = CategoryTableViewController.swift; sourceTree = "<group>"; };
		845AA3881D50381B00510CC3 /* GroupsViewController.swift */ = {isa = PBXFileReference; fileEncoding = 4; lastKnownFileType = sourcecode.swift; path = GroupsViewController.swift; sourceTree = "<group>"; };
		845AA38A1D5061DC00510CC3 /* CategoryCreateTableViewCell.swift */ = {isa = PBXFileReference; fileEncoding = 4; lastKnownFileType = sourcecode.swift; path = CategoryCreateTableViewCell.swift; sourceTree = "<group>"; };
		845AA38E1D51CF5000510CC3 /* GroupsTableViewCell.swift */ = {isa = PBXFileReference; fileEncoding = 4; lastKnownFileType = sourcecode.swift; path = GroupsTableViewCell.swift; sourceTree = "<group>"; };
		845AA3901D52E5CC00510CC3 /* SearchTableViewCell.swift */ = {isa = PBXFileReference; fileEncoding = 4; lastKnownFileType = sourcecode.swift; path = SearchTableViewCell.swift; sourceTree = "<group>"; };
		845F4BA21CFD630500766A05 /* gotham_rounded.png */ = {isa = PBXFileReference; lastKnownFileType = image.png; path = gotham_rounded.png; sourceTree = "<group>"; };
		845F4BA31CFD630500766A05 /* GothamRounded-Bold.otf */ = {isa = PBXFileReference; lastKnownFileType = file; path = "GothamRounded-Bold.otf"; sourceTree = "<group>"; };
		845F4BA41CFD630500766A05 /* GothamRounded-BoldItalic.otf */ = {isa = PBXFileReference; lastKnownFileType = file; path = "GothamRounded-BoldItalic.otf"; sourceTree = "<group>"; };
		845F4BA51CFD630500766A05 /* GothamRounded-Book.otf */ = {isa = PBXFileReference; lastKnownFileType = file; path = "GothamRounded-Book.otf"; sourceTree = "<group>"; };
		845F4BA61CFD630500766A05 /* GothamRounded-BookItalic.otf */ = {isa = PBXFileReference; lastKnownFileType = file; path = "GothamRounded-BookItalic.otf"; sourceTree = "<group>"; };
		845F4BA71CFD630500766A05 /* GothamRounded-Light.otf */ = {isa = PBXFileReference; lastKnownFileType = file; path = "GothamRounded-Light.otf"; sourceTree = "<group>"; };
		845F4BA81CFD630500766A05 /* GothamRounded-LightItalic.otf */ = {isa = PBXFileReference; lastKnownFileType = file; path = "GothamRounded-LightItalic.otf"; sourceTree = "<group>"; };
		845F4BA91CFD630500766A05 /* GothamRounded-Medium.otf */ = {isa = PBXFileReference; lastKnownFileType = file; path = "GothamRounded-Medium.otf"; sourceTree = "<group>"; };
		845F4BAA1CFD630500766A05 /* GothamRounded-MediumItalic.otf */ = {isa = PBXFileReference; lastKnownFileType = file; path = "GothamRounded-MediumItalic.otf"; sourceTree = "<group>"; };
		845F4BAB1CFD630500766A05 /* GothamRoundedBold_21016.ttf */ = {isa = PBXFileReference; lastKnownFileType = file; path = GothamRoundedBold_21016.ttf; sourceTree = "<group>"; };
		845F4BAC1CFD630500766A05 /* GothamRoundedBook_21018.ttf */ = {isa = PBXFileReference; lastKnownFileType = file; path = GothamRoundedBook_21018.ttf; sourceTree = "<group>"; };
		845F4BAD1CFD630500766A05 /* GothamRoundedLight_21020.ttf */ = {isa = PBXFileReference; lastKnownFileType = file; path = GothamRoundedLight_21020.ttf; sourceTree = "<group>"; };
		845F4BAE1CFD630500766A05 /* GothamRoundedMedium_21022.ttf */ = {isa = PBXFileReference; lastKnownFileType = file; path = GothamRoundedMedium_21022.ttf; sourceTree = "<group>"; };
		845F4BAF1CFD630500766A05 /* myfontsfree.txt */ = {isa = PBXFileReference; fileEncoding = 4; lastKnownFileType = text; path = myfontsfree.txt; sourceTree = "<group>"; };
		846AFD301D62E67C00FC5F72 /* EditProfileBioCustomTableViewCell.swift */ = {isa = PBXFileReference; fileEncoding = 4; lastKnownFileType = sourcecode.swift; path = EditProfileBioCustomTableViewCell.swift; sourceTree = "<group>"; };
		846AFD331D65055100FC5F72 /* EditProfileFirstCustomTableViewCell.swift */ = {isa = PBXFileReference; fileEncoding = 4; lastKnownFileType = sourcecode.swift; path = EditProfileFirstCustomTableViewCell.swift; sourceTree = "<group>"; };
		846AFD351D6505D500FC5F72 /* EditProfileSecondCustomTableViewCell.swift */ = {isa = PBXFileReference; fileEncoding = 4; lastKnownFileType = sourcecode.swift; path = EditProfileSecondCustomTableViewCell.swift; sourceTree = "<group>"; };
		846AFD371D656A7C00FC5F72 /* EditProfileThirdCustomTableViewCell.swift */ = {isa = PBXFileReference; fileEncoding = 4; lastKnownFileType = sourcecode.swift; path = EditProfileThirdCustomTableViewCell.swift; sourceTree = "<group>"; };
		848471A61D23D0A3005805FE /* RestaurantTableViewController.swift */ = {isa = PBXFileReference; fileEncoding = 4; lastKnownFileType = sourcecode.swift; path = RestaurantTableViewController.swift; sourceTree = "<group>"; };
		848471A81D23D0C8005805FE /* RestaurantDetailTableViewController.swift */ = {isa = PBXFileReference; fileEncoding = 4; lastKnownFileType = sourcecode.swift; path = RestaurantDetailTableViewController.swift; sourceTree = "<group>"; };
		848471AA1D246929005805FE /* ProfileTableViewController.swift */ = {isa = PBXFileReference; fileEncoding = 4; lastKnownFileType = sourcecode.swift; path = ProfileTableViewController.swift; sourceTree = "<group>"; };
		848471AC1D246965005805FE /* ProfileTableViewCell.swift */ = {isa = PBXFileReference; fileEncoding = 4; lastKnownFileType = sourcecode.swift; path = ProfileTableViewCell.swift; sourceTree = "<group>"; };
		848471AE1D24AC11005805FE /* Helpers.swift */ = {isa = PBXFileReference; fileEncoding = 4; lastKnownFileType = sourcecode.swift; path = Helpers.swift; sourceTree = "<group>"; };
		848471B21D24D565005805FE /* ProfileSecondCustomTableViewCell.swift */ = {isa = PBXFileReference; fileEncoding = 4; lastKnownFileType = sourcecode.swift; path = ProfileSecondCustomTableViewCell.swift; sourceTree = "<group>"; };
		848471B41D24D9CC005805FE /* ProfileFirstCustomTableViewCell.swift */ = {isa = PBXFileReference; fileEncoding = 4; lastKnownFileType = sourcecode.swift; path = ProfileFirstCustomTableViewCell.swift; sourceTree = "<group>"; };
		848471B61D24F942005805FE /* BlindBoxCollectionViewController.swift */ = {isa = PBXFileReference; fileEncoding = 4; lastKnownFileType = sourcecode.swift; path = BlindBoxCollectionViewController.swift; sourceTree = "<group>"; };
		848471B81D24FEFC005805FE /* BlindBoxFirstCustomTableViewCell.swift */ = {isa = PBXFileReference; fileEncoding = 4; lastKnownFileType = sourcecode.swift; path = BlindBoxFirstCustomTableViewCell.swift; sourceTree = "<group>"; };
		849163A81CC0D9A000A68905 /* Restaurant.swift */ = {isa = PBXFileReference; fileEncoding = 4; lastKnownFileType = sourcecode.swift; path = Restaurant.swift; sourceTree = "<group>"; };
		849BB6E91CC0EF230001E45B /* RestaurantTableViewCell.swift */ = {isa = PBXFileReference; fileEncoding = 4; lastKnownFileType = sourcecode.swift; path = RestaurantTableViewCell.swift; sourceTree = "<group>"; };
		849BB6ED1CC0F2D70001E45B /* RestaurantDetailTableViewCell.swift */ = {isa = PBXFileReference; fileEncoding = 4; lastKnownFileType = sourcecode.swift; path = RestaurantDetailTableViewCell.swift; sourceTree = "<group>"; };
		849BB6F11CC98A010001E45B /* AddRestaurantController.swift */ = {isa = PBXFileReference; fileEncoding = 4; lastKnownFileType = sourcecode.swift; path = AddRestaurantController.swift; sourceTree = "<group>"; };
		849FE4471D3DC7D500BC3312 /* Candy.swift */ = {isa = PBXFileReference; fileEncoding = 4; lastKnownFileType = sourcecode.swift; path = Candy.swift; sourceTree = "<group>"; };
		849FE44B1D3DD69000BC3312 /* SearchTableViewController.swift */ = {isa = PBXFileReference; fileEncoding = 4; lastKnownFileType = sourcecode.swift; path = SearchTableViewController.swift; sourceTree = "<group>"; };
		84AD617F1CADF58B00600F8B /* GenderSearchTableViewCell.swift */ = {isa = PBXFileReference; fileEncoding = 4; lastKnownFileType = sourcecode.swift; path = GenderSearchTableViewCell.swift; sourceTree = "<group>"; };
		84D0278D1CD5CC4700FF0548 /* Info.plist */ = {isa = PBXFileReference; fileEncoding = 4; lastKnownFileType = text.plist.xml; path = Info.plist; sourceTree = "<group>"; };
		84D027971CD987B800FF0548 /* Person.swift */ = {isa = PBXFileReference; fileEncoding = 4; lastKnownFileType = sourcecode.swift; path = Person.swift; sourceTree = "<group>"; };
		84D027991CD987C500FF0548 /* ChoosePersonViewController.swift */ = {isa = PBXFileReference; fileEncoding = 4; lastKnownFileType = sourcecode.swift; path = ChoosePersonViewController.swift; sourceTree = "<group>"; };
		84D0279B1CD987D500FF0548 /* ImageLabelView.swift */ = {isa = PBXFileReference; fileEncoding = 4; lastKnownFileType = sourcecode.swift; path = ImageLabelView.swift; sourceTree = "<group>"; };
		84D0279D1CD987E100FF0548 /* ChoosePersonView.swift */ = {isa = PBXFileReference; fileEncoding = 4; lastKnownFileType = sourcecode.swift; path = ChoosePersonView.swift; sourceTree = "<group>"; };
		84D027A31CE1C51700FF0548 /* WalkthroughContentViewController.swift */ = {isa = PBXFileReference; fileEncoding = 4; lastKnownFileType = sourcecode.swift; path = WalkthroughContentViewController.swift; sourceTree = "<group>"; };
		84D027A51CE1D10B00FF0548 /* WalkthroughPageViewController.swift */ = {isa = PBXFileReference; fileEncoding = 4; lastKnownFileType = sourcecode.swift; path = WalkthroughPageViewController.swift; sourceTree = "<group>"; };
		84D027A71CE3DA5100FF0548 /* EditTableViewController.swift */ = {isa = PBXFileReference; fileEncoding = 4; lastKnownFileType = sourcecode.swift; path = EditTableViewController.swift; sourceTree = "<group>"; };
		84E329B31CB476940023BB67 /* SettingsTableViewController.swift */ = {isa = PBXFileReference; fileEncoding = 4; lastKnownFileType = sourcecode.swift; path = SettingsTableViewController.swift; sourceTree = "<group>"; };
		84E514921C7E9DC5009C30E0 /* MainController.swift */ = {isa = PBXFileReference; fileEncoding = 4; lastKnownFileType = sourcecode.swift; path = MainController.swift; sourceTree = "<group>"; };
		C9563A681B8DD8C7001FD9B3 /* VayK.app */ = {isa = PBXFileReference; explicitFileType = wrapper.application; includeInIndex = 0; path = VayK.app; sourceTree = BUILT_PRODUCTS_DIR; };
		C9563A6D1B8DD8C7001FD9B3 /* AppDelegate.swift */ = {isa = PBXFileReference; lastKnownFileType = sourcecode.swift; path = AppDelegate.swift; sourceTree = "<group>"; };
		C9563A6F1B8DD8C7001FD9B3 /* ViewController.swift */ = {isa = PBXFileReference; lastKnownFileType = sourcecode.swift; path = ViewController.swift; sourceTree = "<group>"; };
		C9563A721B8DD8C7001FD9B3 /* Base */ = {isa = PBXFileReference; lastKnownFileType = file.storyboard; name = Base; path = Base.lproj/Main.storyboard; sourceTree = "<group>"; };
		C9563A741B8DD8C7001FD9B3 /* Images.xcassets */ = {isa = PBXFileReference; lastKnownFileType = folder.assetcatalog; path = Images.xcassets; sourceTree = "<group>"; };
		C9563A771B8DD8C7001FD9B3 /* Base */ = {isa = PBXFileReference; lastKnownFileType = file.xib; name = Base; path = Base.lproj/LaunchScreen.xib; sourceTree = "<group>"; };
		C9563A7D1B8DD8C7001FD9B3 /* VayKTests.xctest */ = {isa = PBXFileReference; explicitFileType = wrapper.cfbundle; includeInIndex = 0; path = VayKTests.xctest; sourceTree = BUILT_PRODUCTS_DIR; };
		C9563A831B8DD8C7001FD9B3 /* VayKTests.swift */ = {isa = PBXFileReference; lastKnownFileType = sourcecode.swift; path = VayKTests.swift; sourceTree = "<group>"; };
/* End PBXFileReference section */

/* Begin PBXFrameworksBuildPhase section */
		C9563A651B8DD8C7001FD9B3 /* Frameworks */ = {
			isa = PBXFrameworksBuildPhase;
			buildActionMask = 2147483647;
			files = (
				8444D5BE1D322A420090BE56 /* AudioToolbox.framework in Frameworks */,
				8444D5BC1D322A3B0090BE56 /* CFNetwork.framework in Frameworks */,
				8444D5BA1D322A330090BE56 /* CoreGraphics.framework in Frameworks */,
				8444D5B81D322A2B0090BE56 /* CoreLocation.framework in Frameworks */,
				8444D5B61D322A240090BE56 /* MobileCoreServices.framework in Frameworks */,
				8444D5B41D322A1B0090BE56 /* QuartzCore.framework in Frameworks */,
				8444D5B21D322A120090BE56 /* Security.framework in Frameworks */,
				8444D5B01D322A0A0090BE56 /* StoreKit.framework in Frameworks */,
				8444D5AE1D3229FE0090BE56 /* SystemConfiguration.framework in Frameworks */,
				8444D5AC1D3229F00090BE56 /* Accounts.framework in Frameworks */,
				8444D5AA1D3229E80090BE56 /* Social.framework in Frameworks */,
				8444D3111D320C6E0090BE56 /* ParseUI.framework in Frameworks */,
				0231E8ED92F482F03F0CC8D3 /* Pods_VayK.framework in Frameworks */,
				8444D3091D320C1B0090BE56 /* FBAudienceNetwork.framework in Frameworks */,
				8444D50B1D3227AD0090BE56 /* Parse.framework in Frameworks */,
				8444D30F1D320C560090BE56 /* ParseFacebookUtils.framework in Frameworks */,
				8444D30D1D320C430090BE56 /* ParseCrashReporting.framework in Frameworks */,
				8444D3131D320EDF0090BE56 /* FacebookSDK.framework in Frameworks */,
			);
			runOnlyForDeploymentPostprocessing = 0;
		};
		C9563A7A1B8DD8C7001FD9B3 /* Frameworks */ = {
			isa = PBXFrameworksBuildPhase;
			buildActionMask = 2147483647;
			files = (
			);
			runOnlyForDeploymentPostprocessing = 0;
		};
/* End PBXFrameworksBuildPhase section */

/* Begin PBXGroup section */
		44026E4BA6EA7D3786747533 /* Frameworks */ = {
			isa = PBXGroup;
			children = (
				8444D5BD1D322A420090BE56 /* AudioToolbox.framework */,
				8444D5BB1D322A3B0090BE56 /* CFNetwork.framework */,
				8444D5B91D322A320090BE56 /* CoreGraphics.framework */,
				8444D5B71D322A2B0090BE56 /* CoreLocation.framework */,
				8444D5B51D322A240090BE56 /* MobileCoreServices.framework */,
				8444D5B31D322A1B0090BE56 /* QuartzCore.framework */,
				8444D5B11D322A120090BE56 /* Security.framework */,
				8444D5AF1D322A0A0090BE56 /* StoreKit.framework */,
				8444D5AD1D3229FE0090BE56 /* SystemConfiguration.framework */,
				8444D5AB1D3229F00090BE56 /* Accounts.framework */,
				8444D5A91D3229E80090BE56 /* Social.framework */,
				8444D50A1D3227AD0090BE56 /* Parse.framework */,
				8444D3121D320EDF0090BE56 /* FacebookSDK.framework */,
				8444D3101D320C6E0090BE56 /* ParseUI.framework */,
				8444D30E1D320C560090BE56 /* ParseFacebookUtils.framework */,
				8444D30C1D320C430090BE56 /* ParseCrashReporting.framework */,
				8444D3081D320C1B0090BE56 /* FBAudienceNetwork.framework */,
				8444D2FC1D31CC710090BE56 /* ProgressHUD */,
				5442ACF0912918BB80273604 /* Pods_VayK.framework */,
			);
			name = Frameworks;
			sourceTree = "<group>";
		};
		8444D2FC1D31CC710090BE56 /* ProgressHUD */ = {
			isa = PBXGroup;
			children = (
				8444D2FD1D31CC710090BE56 /* ProgressHUD.bundle */,
				8444D2FE1D31CC710090BE56 /* ProgressHUD.h */,
				8444D2FF1D31CC710090BE56 /* ProgressHUD.m */,
			);
			name = ProgressHUD;
			path = Frameworks/ProgressHUD;
			sourceTree = "<group>";
		};
		8444D3181D3213F80090BE56 /* Tab */ = {
			isa = PBXGroup;
			children = (
				8444D31D1D32152E0090BE56 /* MessagesCompose */,
				8444D3191D32140D0090BE56 /* MessagesCell.swift */,
				8444D31A1D32140D0090BE56 /* MessagesViewController.swift */,
			);
			name = Tab;
			sourceTree = "<group>";
		};
		8444D31D1D32152E0090BE56 /* MessagesCompose */ = {
			isa = PBXGroup;
			children = (
				8444D31E1D3215560090BE56 /* SelectSingleViewController.swift */,
			);
			name = MessagesCompose;
			sourceTree = "<group>";
		};
		8444D3201D3215640090BE56 /* Utilities */ = {
			isa = PBXGroup;
			children = (
				8444D3291D3215CA0090BE56 /* Messages.swift */,
				8444D3271D3215BF0090BE56 /* PushNotification.swift */,
				8444D3251D3215B20090BE56 /* Utilities.swift */,
				8444D3231D3215A70090BE56 /* Images.swift */,
				8444D3211D32159D0090BE56 /* Camera.swift */,
			);
			name = Utilities;
			sourceTree = "<group>";
		};
		845F4BA11CFD630500766A05 /* gotham_rounded */ = {
			isa = PBXGroup;
			children = (
				845F4BA21CFD630500766A05 /* gotham_rounded.png */,
				845F4BA31CFD630500766A05 /* GothamRounded-Bold.otf */,
				845F4BA41CFD630500766A05 /* GothamRounded-BoldItalic.otf */,
				845F4BA51CFD630500766A05 /* GothamRounded-Book.otf */,
				845F4BA61CFD630500766A05 /* GothamRounded-BookItalic.otf */,
				845F4BA71CFD630500766A05 /* GothamRounded-Light.otf */,
				845F4BA81CFD630500766A05 /* GothamRounded-LightItalic.otf */,
				845F4BA91CFD630500766A05 /* GothamRounded-Medium.otf */,
				845F4BAA1CFD630500766A05 /* GothamRounded-MediumItalic.otf */,
				845F4BAB1CFD630500766A05 /* GothamRoundedBold_21016.ttf */,
				845F4BAC1CFD630500766A05 /* GothamRoundedBook_21018.ttf */,
				845F4BAD1CFD630500766A05 /* GothamRoundedLight_21020.ttf */,
				845F4BAE1CFD630500766A05 /* GothamRoundedMedium_21022.ttf */,
				845F4BAF1CFD630500766A05 /* myfontsfree.txt */,
			);
			name = gotham_rounded;
			path = ../VayK/gotham_rounded;
			sourceTree = "<group>";
		};
		846AFD321D6491F300FC5F72 /* EditProfile */ = {
			isa = PBXGroup;
			children = (
				84D027A71CE3DA5100FF0548 /* EditTableViewController.swift */,
				846AFD301D62E67C00FC5F72 /* EditProfileBioCustomTableViewCell.swift */,
				846AFD331D65055100FC5F72 /* EditProfileFirstCustomTableViewCell.swift */,
				846AFD351D6505D500FC5F72 /* EditProfileSecondCustomTableViewCell.swift */,
				846AFD371D656A7C00FC5F72 /* EditProfileThirdCustomTableViewCell.swift */,
			);
			name = EditProfile;
			sourceTree = "<group>";
		};
		84E40ED91CD5A16600230914 /* Models */ = {
			isa = PBXGroup;
			children = (
				849FE4471D3DC7D500BC3312 /* Candy.swift */,
				849163A81CC0D9A000A68905 /* Restaurant.swift */,
				848471AE1D24AC11005805FE /* Helpers.swift */,
				84D027971CD987B800FF0548 /* Person.swift */,
			);
			name = Models;
			sourceTree = "<group>";
		};
		84E40EDA1CD5A17400230914 /* Controllers */ = {
			isa = PBXGroup;
			children = (
				846AFD321D6491F300FC5F72 /* EditProfile */,
				84D027A31CE1C51700FF0548 /* WalkthroughContentViewController.swift */,
				84D027A51CE1D10B00FF0548 /* WalkthroughPageViewController.swift */,
				84D027991CD987C500FF0548 /* ChoosePersonViewController.swift */,
				848471A61D23D0A3005805FE /* RestaurantTableViewController.swift */,
				848471A81D23D0C8005805FE /* RestaurantDetailTableViewController.swift */,
				84E514921C7E9DC5009C30E0 /* MainController.swift */,
				C9563A6F1B8DD8C7001FD9B3 /* ViewController.swift */,
				8431B5FA1CADA5A30071D1DA /* GenderSearchController.swift */,
				84124E661D024309007DD75E /* PersonTableViewController.swift */,
				844579B41C75224900B43282 /* LoginViewController.swift */,
				849BB6F11CC98A010001E45B /* AddRestaurantController.swift */,
				C9563A761B8DD8C7001FD9B3 /* LaunchScreen.xib */,
				C9563A711B8DD8C7001FD9B3 /* Main.storyboard */,
				84371DBA1D21D77000C0EB2D /* CustomImageFlowLayout.swift */,
				8444D5D31D36FF0B0090BE56 /* CustomImageView3FlowLayout.swift */,
				8444D5C71D36134F0090BE56 /* CustomImage2FlowLayout.swift */,
				84371DB41D1FA69900C0EB2D /* ExploreCollectionViewCell.swift */,
				C9563A741B8DD8C7001FD9B3 /* Images.xcassets */,
				844579B71C752AF200B43282 /* Courgette-Regular.ttf */,
				84E329B31CB476940023BB67 /* SettingsTableViewController.swift */,
				848471AA1D246929005805FE /* ProfileTableViewController.swift */,
				848471B61D24F942005805FE /* BlindBoxCollectionViewController.swift */,
				8444D5CD1D3626BF0090BE56 /* ccv1.swift */,
				8444D5CF1D36FA230090BE56 /* TrendingNearYouTableViewController.swift */,
				849FE44B1D3DD69000BC3312 /* SearchTableViewController.swift */,
				845AA3821D4C2B2100510CC3 /* GenderCreateTableViewController.swift */,
				845AA3861D4FD4DA00510CC3 /* CategoryTableViewController.swift */,
				845AA3881D50381B00510CC3 /* GroupsViewController.swift */,
			);
			name = Controllers;
			sourceTree = "<group>";
		};
		84E40EDB1CD5A1C300230914 /* View */ = {
			isa = PBXGroup;
			children = (
				845AA3841D4D0E7F00510CC3 /* GenderCreateTableViewCell.swift */,
				84D0279B1CD987D500FF0548 /* ImageLabelView.swift */,
				84D0279D1CD987E100FF0548 /* ChoosePersonView.swift */,
				849BB6E91CC0EF230001E45B /* RestaurantTableViewCell.swift */,
				848471AC1D246965005805FE /* ProfileTableViewCell.swift */,
				848471B41D24D9CC005805FE /* ProfileFirstCustomTableViewCell.swift */,
				848471B21D24D565005805FE /* ProfileSecondCustomTableViewCell.swift */,
				848471B81D24FEFC005805FE /* BlindBoxFirstCustomTableViewCell.swift */,
				8444D5C11D3448160090BE56 /* BlindBoxSecondCustomTableViewCell.swift */,
				8444D5C31D34B1B10090BE56 /* BlindBoxFourthCustomTableViewCell.swift */,
				8444D5C51D34ECDE0090BE56 /* Profile2TableViewCell.swift */,
				8444D5D11D36FE9D0090BE56 /* TrendingNearYouTableViewCell.swift */,
				845AA38A1D5061DC00510CC3 /* CategoryCreateTableViewCell.swift */,
				845AA38E1D51CF5000510CC3 /* GroupsTableViewCell.swift */,
				845AA3901D52E5CC00510CC3 /* SearchTableViewCell.swift */,
			);
			name = View;
			sourceTree = "<group>";
		};
		C9563A5F1B8DD8C7001FD9B3 = {
			isa = PBXGroup;
			children = (
				C9563A6A1B8DD8C7001FD9B3 /* VayK */,
				C9563A801B8DD8C7001FD9B3 /* VayKTests */,
				C9563A691B8DD8C7001FD9B3 /* Products */,
				E2D108A7FE0E4C5A0D18EDF7 /* Pods */,
				44026E4BA6EA7D3786747533 /* Frameworks */,
			);
			sourceTree = "<group>";
		};
		C9563A691B8DD8C7001FD9B3 /* Products */ = {
			isa = PBXGroup;
			children = (
				C9563A681B8DD8C7001FD9B3 /* VayK.app */,
				C9563A7D1B8DD8C7001FD9B3 /* VayKTests.xctest */,
			);
			name = Products;
			sourceTree = "<group>";
		};
		C9563A6A1B8DD8C7001FD9B3 /* VayK */ = {
			isa = PBXGroup;
			children = (
				8444D3201D3215640090BE56 /* Utilities */,
				8444D3181D3213F80090BE56 /* Tab */,
				8444D3141D32120A0090BE56 /* Constants.swift */,
				8444D3161D32122B0090BE56 /* ChatViewController.swift */,
				8444D1091D2D07D20090BE56 /* VayK-Bridging-Header.h */,
				84E40ED91CD5A16600230914 /* Models */,
				84E40EDA1CD5A17400230914 /* Controllers */,
				84E40EDB1CD5A1C300230914 /* View */,
				C9563A6D1B8DD8C7001FD9B3 /* AppDelegate.swift */,
				849BB6ED1CC0F2D70001E45B /* RestaurantDetailTableViewCell.swift */,
				84AD617F1CADF58B00600F8B /* GenderSearchTableViewCell.swift */,
			);
			path = VayK;
			sourceTree = "<group>";
		};
		C9563A801B8DD8C7001FD9B3 /* VayKTests */ = {
			isa = PBXGroup;
			children = (
				84D0278D1CD5CC4700FF0548 /* Info.plist */,
				C9563A831B8DD8C7001FD9B3 /* VayKTests.swift */,
				C9563A811B8DD8C7001FD9B3 /* Supporting Files */,
			);
			path = VayKTests;
			sourceTree = "<group>";
		};
		C9563A811B8DD8C7001FD9B3 /* Supporting Files */ = {
			isa = PBXGroup;
			children = (
				845F4BA11CFD630500766A05 /* gotham_rounded */,
			);
			name = "Supporting Files";
			sourceTree = "<group>";
		};
		E2D108A7FE0E4C5A0D18EDF7 /* Pods */ = {
			isa = PBXGroup;
			children = (
				0382D414864DBA45850E9515 /* Pods-VayK.debug.xcconfig */,
				201A5AD1E1E6D7249971349E /* Pods-VayK.release.xcconfig */,
			);
			name = Pods;
			sourceTree = "<group>";
		};
/* End PBXGroup section */

/* Begin PBXNativeTarget section */
		C9563A671B8DD8C7001FD9B3 /* VayK */ = {
			isa = PBXNativeTarget;
			buildConfigurationList = C9563A871B8DD8C7001FD9B3 /* Build configuration list for PBXNativeTarget "VayK" */;
			buildPhases = (
				400BE924F6187F2AFA1304DC /* [CP] Check Pods Manifest.lock */,
				C9563A641B8DD8C7001FD9B3 /* Sources */,
				C9563A651B8DD8C7001FD9B3 /* Frameworks */,
				C9563A661B8DD8C7001FD9B3 /* Resources */,
				ECD5A4A4A862D37728D20BBF /* [CP] Embed Pods Frameworks */,
				0B20DD3541DF7F942E276D14 /* [CP] Copy Pods Resources */,
			);
			buildRules = (
			);
			dependencies = (
			);
			name = VayK;
			productName = VayK;
			productReference = C9563A681B8DD8C7001FD9B3 /* VayK.app */;
			productType = "com.apple.product-type.application";
		};
		C9563A7C1B8DD8C7001FD9B3 /* VayKTests */ = {
			isa = PBXNativeTarget;
			buildConfigurationList = C9563A8A1B8DD8C7001FD9B3 /* Build configuration list for PBXNativeTarget "VayKTests" */;
			buildPhases = (
				C9563A791B8DD8C7001FD9B3 /* Sources */,
				C9563A7A1B8DD8C7001FD9B3 /* Frameworks */,
				C9563A7B1B8DD8C7001FD9B3 /* Resources */,
			);
			buildRules = (
			);
			dependencies = (
				C9563A7F1B8DD8C7001FD9B3 /* PBXTargetDependency */,
			);
			name = VayKTests;
			productName = VayKTests;
			productReference = C9563A7D1B8DD8C7001FD9B3 /* VayKTests.xctest */;
			productType = "com.apple.product-type.bundle.unit-test";
		};
/* End PBXNativeTarget section */

/* Begin PBXProject section */
		C9563A601B8DD8C7001FD9B3 /* Project object */ = {
			isa = PBXProject;
			attributes = {
				LastSwiftMigration = 0710;
				LastSwiftUpdateCheck = 0710;
				LastUpgradeCheck = 0720;
				ORGANIZATIONNAME = mgoldspink;
				TargetAttributes = {
					C9563A671B8DD8C7001FD9B3 = {
						CreatedOnToolsVersion = 6.3.2;
						DevelopmentTeam = NDK75ESV78;
					};
					C9563A7C1B8DD8C7001FD9B3 = {
						CreatedOnToolsVersion = 6.3.2;
						TestTargetID = C9563A671B8DD8C7001FD9B3;
					};
				};
			};
			buildConfigurationList = C9563A631B8DD8C7001FD9B3 /* Build configuration list for PBXProject "VayK" */;
			compatibilityVersion = "Xcode 3.2";
			developmentRegion = English;
			hasScannedForEncodings = 0;
			knownRegions = (
				en,
				Base,
				fr,
				"pt-BR",
				de,
				es,
				he,
				it,
				nl,
				pl,
				pt,
				ro,
				ru,
				tr,
				"zh-Hans",
				"zh-Hant",
			);
			mainGroup = C9563A5F1B8DD8C7001FD9B3;
			productRefGroup = C9563A691B8DD8C7001FD9B3 /* Products */;
			projectDirPath = "";
			projectRoot = "";
			targets = (
				C9563A671B8DD8C7001FD9B3 /* VayK */,
				C9563A7C1B8DD8C7001FD9B3 /* VayKTests */,
			);
		};
/* End PBXProject section */

/* Begin PBXResourcesBuildPhase section */
		C9563A661B8DD8C7001FD9B3 /* Resources */ = {
			isa = PBXResourcesBuildPhase;
			buildActionMask = 2147483647;
			files = (
				845F4BB31CFD630500766A05 /* GothamRounded-Book.otf in Resources */,
				845F4BB21CFD630500766A05 /* GothamRounded-BoldItalic.otf in Resources */,
				C9563A731B8DD8C7001FD9B3 /* Main.storyboard in Resources */,
				8444D3001D31CC710090BE56 /* ProgressHUD.bundle in Resources */,
				C9563A781B8DD8C7001FD9B3 /* LaunchScreen.xib in Resources */,
				845F4BB81CFD630500766A05 /* GothamRounded-MediumItalic.otf in Resources */,
				845F4BBC1CFD630500766A05 /* GothamRoundedMedium_21022.ttf in Resources */,
				845F4BB91CFD630500766A05 /* GothamRoundedBold_21016.ttf in Resources */,
				845F4BB71CFD630500766A05 /* GothamRounded-Medium.otf in Resources */,
				844579B81C752AF200B43282 /* Courgette-Regular.ttf in Resources */,
				845F4BB51CFD630500766A05 /* GothamRounded-Light.otf in Resources */,
				845F4BB11CFD630500766A05 /* GothamRounded-Bold.otf in Resources */,
				845F4BBB1CFD630500766A05 /* GothamRoundedLight_21020.ttf in Resources */,
				845F4BB41CFD630500766A05 /* GothamRounded-BookItalic.otf in Resources */,
				845F4BB61CFD630500766A05 /* GothamRounded-LightItalic.otf in Resources */,
				C9563A751B8DD8C7001FD9B3 /* Images.xcassets in Resources */,
				845F4BBA1CFD630500766A05 /* GothamRoundedBook_21018.ttf in Resources */,
				845F4BB01CFD630500766A05 /* gotham_rounded.png in Resources */,
				845F4BBD1CFD630500766A05 /* myfontsfree.txt in Resources */,
			);
			runOnlyForDeploymentPostprocessing = 0;
		};
		C9563A7B1B8DD8C7001FD9B3 /* Resources */ = {
			isa = PBXResourcesBuildPhase;
			buildActionMask = 2147483647;
			files = (
				845F4B9E1CFD5FC800766A05 /* Courgette-Regular.ttf in Resources */,
				84D0278E1CD5CC4700FF0548 /* Info.plist in Resources */,
			);
			runOnlyForDeploymentPostprocessing = 0;
		};
/* End PBXResourcesBuildPhase section */

/* Begin PBXShellScriptBuildPhase section */
		0B20DD3541DF7F942E276D14 /* [CP] Copy Pods Resources */ = {
			isa = PBXShellScriptBuildPhase;
			buildActionMask = 2147483647;
			files = (
			);
			inputPaths = (
			);
			name = "[CP] Copy Pods Resources";
			outputPaths = (
			);
			runOnlyForDeploymentPostprocessing = 0;
			shellPath = /bin/sh;
			shellScript = "\"${SRCROOT}/Pods/Target Support Files/Pods-VayK/Pods-VayK-resources.sh\"\n";
			showEnvVarsInLog = 0;
		};
		400BE924F6187F2AFA1304DC /* [CP] Check Pods Manifest.lock */ = {
			isa = PBXShellScriptBuildPhase;
			buildActionMask = 2147483647;
			files = (
			);
			inputPaths = (
			);
			name = "[CP] Check Pods Manifest.lock";
			outputPaths = (
			);
			runOnlyForDeploymentPostprocessing = 0;
			shellPath = /bin/sh;
			shellScript = "diff \"${PODS_ROOT}/../Podfile.lock\" \"${PODS_ROOT}/Manifest.lock\" > /dev/null\nif [[ $? != 0 ]] ; then\n    cat << EOM\nerror: The sandbox is not in sync with the Podfile.lock. Run 'pod install' or update your CocoaPods installation.\nEOM\n    exit 1\nfi\n";
			showEnvVarsInLog = 0;
		};
		ECD5A4A4A862D37728D20BBF /* [CP] Embed Pods Frameworks */ = {
			isa = PBXShellScriptBuildPhase;
			buildActionMask = 2147483647;
			files = (
			);
			inputPaths = (
			);
			name = "[CP] Embed Pods Frameworks";
			outputPaths = (
			);
			runOnlyForDeploymentPostprocessing = 0;
			shellPath = /bin/sh;
			shellScript = "\"${SRCROOT}/Pods/Target Support Files/Pods-VayK/Pods-VayK-frameworks.sh\"\n";
			showEnvVarsInLog = 0;
		};
/* End PBXShellScriptBuildPhase section */

/* Begin PBXSourcesBuildPhase section */
		C9563A641B8DD8C7001FD9B3 /* Sources */ = {
			isa = PBXSourcesBuildPhase;
			buildActionMask = 2147483647;
			files = (
				845AA3851D4D0E7F00510CC3 /* GenderCreateTableViewCell.swift in Sources */,
				846AFD341D65055100FC5F72 /* EditProfileFirstCustomTableViewCell.swift in Sources */,
				8444D5D41D36FF0B0090BE56 /* CustomImageView3FlowLayout.swift in Sources */,
				849FE4481D3DC7D500BC3312 /* Candy.swift in Sources */,
				84AD61801CADF58B00600F8B /* GenderSearchTableViewCell.swift in Sources */,
				848471B91D24FEFC005805FE /* BlindBoxFirstCustomTableViewCell.swift in Sources */,
				8444D3151D32120A0090BE56 /* Constants.swift in Sources */,
				848471AF1D24AC11005805FE /* Helpers.swift in Sources */,
				849163A91CC0D9A000A68905 /* Restaurant.swift in Sources */,
				84124E671D024309007DD75E /* PersonTableViewController.swift in Sources */,
				848471A91D23D0C8005805FE /* RestaurantDetailTableViewController.swift in Sources */,
				8444D5C61D34ECDE0090BE56 /* Profile2TableViewCell.swift in Sources */,
				84D0279E1CD987E100FF0548 /* ChoosePersonView.swift in Sources */,
				848471AD1D246965005805FE /* ProfileTableViewCell.swift in Sources */,
				8444D5C81D36134F0090BE56 /* CustomImage2FlowLayout.swift in Sources */,
				8444D5C21D3448160090BE56 /* BlindBoxSecondCustomTableViewCell.swift in Sources */,
				8444D3011D31CC710090BE56 /* ProgressHUD.m in Sources */,
				84371DB51D1FA69A00C0EB2D /* ExploreCollectionViewCell.swift in Sources */,
				8444D31C1D32140D0090BE56 /* MessagesViewController.swift in Sources */,
				84E514931C7E9DC5009C30E0 /* MainController.swift in Sources */,
				8444D5C41D34B1B10090BE56 /* BlindBoxFourthCustomTableViewCell.swift in Sources */,
				8444D5CE1D3626BF0090BE56 /* ccv1.swift in Sources */,
				848471B51D24D9CC005805FE /* ProfileFirstCustomTableViewCell.swift in Sources */,
				849BB6EE1CC0F2D70001E45B /* RestaurantDetailTableViewCell.swift in Sources */,
				845AA38F1D51CF5000510CC3 /* GroupsTableViewCell.swift in Sources */,
				844579B51C75224900B43282 /* LoginViewController.swift in Sources */,
				849FE44C1D3DD69000BC3312 /* SearchTableViewController.swift in Sources */,
				C9563A701B8DD8C7001FD9B3 /* ViewController.swift in Sources */,
				848471A71D23D0A3005805FE /* RestaurantTableViewController.swift in Sources */,
				8444D31B1D32140D0090BE56 /* MessagesCell.swift in Sources */,
				845AA3891D50381B00510CC3 /* GroupsViewController.swift in Sources */,
				8444D5D01D36FA230090BE56 /* TrendingNearYouTableViewController.swift in Sources */,
				849BB6F21CC98A010001E45B /* AddRestaurantController.swift in Sources */,
				8444D5D21D36FE9D0090BE56 /* TrendingNearYouTableViewCell.swift in Sources */,
				84D0279A1CD987C500FF0548 /* ChoosePersonViewController.swift in Sources */,
				8444D3261D3215B20090BE56 /* Utilities.swift in Sources */,
				8444D32A1D3215CA0090BE56 /* Messages.swift in Sources */,
				848471AB1D246929005805FE /* ProfileTableViewController.swift in Sources */,
				848471B31D24D565005805FE /* ProfileSecondCustomTableViewCell.swift in Sources */,
				848471B71D24F943005805FE /* BlindBoxCollectionViewController.swift in Sources */,
				845AA3911D52E5CC00510CC3 /* SearchTableViewCell.swift in Sources */,
				845AA38B1D5061DC00510CC3 /* CategoryCreateTableViewCell.swift in Sources */,
				845AA3871D4FD4DA00510CC3 /* CategoryTableViewController.swift in Sources */,
				846AFD311D62E67C00FC5F72 /* EditProfileBioCustomTableViewCell.swift in Sources */,
				8431B5FB1CADA5A30071D1DA /* GenderSearchController.swift in Sources */,
				846AFD361D6505D500FC5F72 /* EditProfileSecondCustomTableViewCell.swift in Sources */,
				C9563A6E1B8DD8C7001FD9B3 /* AppDelegate.swift in Sources */,
				845AA3831D4C2B2100510CC3 /* GenderCreateTableViewController.swift in Sources */,
				84E329B41CB476940023BB67 /* SettingsTableViewController.swift in Sources */,
				84D027A81CE3DA5100FF0548 /* EditTableViewController.swift in Sources */,
				8444D3281D3215BF0090BE56 /* PushNotification.swift in Sources */,
				84D0279C1CD987D500FF0548 /* ImageLabelView.swift in Sources */,
				846AFD381D656A7C00FC5F72 /* EditProfileThirdCustomTableViewCell.swift in Sources */,
				8444D3221D32159D0090BE56 /* Camera.swift in Sources */,
				849BB6EA1CC0EF230001E45B /* RestaurantTableViewCell.swift in Sources */,
				8444D3241D3215A70090BE56 /* Images.swift in Sources */,
				84371DBB1D21D77000C0EB2D /* CustomImageFlowLayout.swift in Sources */,
				84D027A41CE1C51700FF0548 /* WalkthroughContentViewController.swift in Sources */,
				8444D3171D32122B0090BE56 /* ChatViewController.swift in Sources */,
				84D027981CD987B800FF0548 /* Person.swift in Sources */,
				8444D31F1D3215560090BE56 /* SelectSingleViewController.swift in Sources */,
				84D027A61CE1D10C00FF0548 /* WalkthroughPageViewController.swift in Sources */,
			);
			runOnlyForDeploymentPostprocessing = 0;
		};
		C9563A791B8DD8C7001FD9B3 /* Sources */ = {
			isa = PBXSourcesBuildPhase;
			buildActionMask = 2147483647;
			files = (
				C9563A841B8DD8C7001FD9B3 /* VayKTests.swift in Sources */,
			);
			runOnlyForDeploymentPostprocessing = 0;
		};
/* End PBXSourcesBuildPhase section */

/* Begin PBXTargetDependency section */
		C9563A7F1B8DD8C7001FD9B3 /* PBXTargetDependency */ = {
			isa = PBXTargetDependency;
			target = C9563A671B8DD8C7001FD9B3 /* VayK */;
			targetProxy = C9563A7E1B8DD8C7001FD9B3 /* PBXContainerItemProxy */;
		};
/* End PBXTargetDependency section */

/* Begin PBXVariantGroup section */
		C9563A711B8DD8C7001FD9B3 /* Main.storyboard */ = {
			isa = PBXVariantGroup;
			children = (
				C9563A721B8DD8C7001FD9B3 /* Base */,
			);
			name = Main.storyboard;
			sourceTree = "<group>";
		};
		C9563A761B8DD8C7001FD9B3 /* LaunchScreen.xib */ = {
			isa = PBXVariantGroup;
			children = (
				C9563A771B8DD8C7001FD9B3 /* Base */,
			);
			name = LaunchScreen.xib;
			sourceTree = "<group>";
		};
/* End PBXVariantGroup section */

/* Begin XCBuildConfiguration section */
		C9563A851B8DD8C7001FD9B3 /* Debug */ = {
			isa = XCBuildConfiguration;
			buildSettings = {
				ALWAYS_SEARCH_USER_PATHS = NO;
				CLANG_CXX_LANGUAGE_STANDARD = "gnu++0x";
				CLANG_CXX_LIBRARY = "libc++";
				CLANG_ENABLE_MODULES = YES;
				CLANG_ENABLE_OBJC_ARC = YES;
				CLANG_WARN_BOOL_CONVERSION = YES;
				CLANG_WARN_CONSTANT_CONVERSION = YES;
				CLANG_WARN_DIRECT_OBJC_ISA_USAGE = YES_ERROR;
				CLANG_WARN_EMPTY_BODY = YES;
				CLANG_WARN_ENUM_CONVERSION = YES;
				CLANG_WARN_INT_CONVERSION = YES;
				CLANG_WARN_OBJC_ROOT_CLASS = YES_ERROR;
				CLANG_WARN_UNREACHABLE_CODE = YES;
				CLANG_WARN__DUPLICATE_METHOD_MATCH = YES;
				"CODE_SIGN_IDENTITY[sdk=iphoneos*]" = "iPhone Developer";
				COPY_PHASE_STRIP = NO;
				DEBUG_INFORMATION_FORMAT = "dwarf-with-dsym";
				ENABLE_STRICT_OBJC_MSGSEND = YES;
				ENABLE_TESTABILITY = YES;
				GCC_C_LANGUAGE_STANDARD = gnu99;
				GCC_DYNAMIC_NO_PIC = NO;
				GCC_NO_COMMON_BLOCKS = YES;
				GCC_OPTIMIZATION_LEVEL = 0;
				GCC_PREPROCESSOR_DEFINITIONS = (
					"DEBUG=1",
					"$(inherited)",
				);
				GCC_SYMBOLS_PRIVATE_EXTERN = NO;
				GCC_WARN_64_TO_32_BIT_CONVERSION = YES;
				GCC_WARN_ABOUT_RETURN_TYPE = YES_ERROR;
				GCC_WARN_UNDECLARED_SELECTOR = YES;
				GCC_WARN_UNINITIALIZED_AUTOS = YES_AGGRESSIVE;
				GCC_WARN_UNUSED_FUNCTION = YES;
				GCC_WARN_UNUSED_VARIABLE = YES;
				IPHONEOS_DEPLOYMENT_TARGET = 8.3;
				MTL_ENABLE_DEBUG_INFO = YES;
				ONLY_ACTIVE_ARCH = YES;
				SDKROOT = iphoneos;
				SWIFT_OPTIMIZATION_LEVEL = "-O";
				TARGETED_DEVICE_FAMILY = "1,2";
			};
			name = Debug;
		};
		C9563A861B8DD8C7001FD9B3 /* Release */ = {
			isa = XCBuildConfiguration;
			buildSettings = {
				ALWAYS_SEARCH_USER_PATHS = NO;
				CLANG_CXX_LANGUAGE_STANDARD = "gnu++0x";
				CLANG_CXX_LIBRARY = "libc++";
				CLANG_ENABLE_MODULES = YES;
				CLANG_ENABLE_OBJC_ARC = YES;
				CLANG_WARN_BOOL_CONVERSION = YES;
				CLANG_WARN_CONSTANT_CONVERSION = YES;
				CLANG_WARN_DIRECT_OBJC_ISA_USAGE = YES_ERROR;
				CLANG_WARN_EMPTY_BODY = YES;
				CLANG_WARN_ENUM_CONVERSION = YES;
				CLANG_WARN_INT_CONVERSION = YES;
				CLANG_WARN_OBJC_ROOT_CLASS = YES_ERROR;
				CLANG_WARN_UNREACHABLE_CODE = YES;
				CLANG_WARN__DUPLICATE_METHOD_MATCH = YES;
				"CODE_SIGN_IDENTITY[sdk=iphoneos*]" = "iPhone Developer";
				COPY_PHASE_STRIP = NO;
				DEBUG_INFORMATION_FORMAT = "dwarf-with-dsym";
				ENABLE_NS_ASSERTIONS = NO;
				ENABLE_STRICT_OBJC_MSGSEND = YES;
				GCC_C_LANGUAGE_STANDARD = gnu99;
				GCC_NO_COMMON_BLOCKS = YES;
				GCC_WARN_64_TO_32_BIT_CONVERSION = YES;
				GCC_WARN_ABOUT_RETURN_TYPE = YES_ERROR;
				GCC_WARN_UNDECLARED_SELECTOR = YES;
				GCC_WARN_UNINITIALIZED_AUTOS = YES_AGGRESSIVE;
				GCC_WARN_UNUSED_FUNCTION = YES;
				GCC_WARN_UNUSED_VARIABLE = YES;
				IPHONEOS_DEPLOYMENT_TARGET = 8.3;
				MTL_ENABLE_DEBUG_INFO = NO;
				SDKROOT = iphoneos;
				SWIFT_OPTIMIZATION_LEVEL = "-Onone";
				TARGETED_DEVICE_FAMILY = "1,2";
				VALIDATE_PRODUCT = YES;
			};
			name = Release;
		};
		C9563A881B8DD8C7001FD9B3 /* Debug */ = {
			isa = XCBuildConfiguration;
			baseConfigurationReference = 0382D414864DBA45850E9515 /* Pods-VayK.debug.xcconfig */;
			buildSettings = {
				ASSETCATALOG_COMPILER_APPICON_NAME = AppIcon;
				CLANG_ALLOW_NON_MODULAR_INCLUDES_IN_FRAMEWORK_MODULES = NO;
				CLANG_ENABLE_MODULES = YES;
				CODE_SIGN_IDENTITY = "iPhone Developer";
				"CODE_SIGN_IDENTITY[sdk=iphoneos*]" = "iPhone Developer";
				EMBEDDED_CONTENT_CONTAINS_SWIFT = YES;
				FRAMEWORK_SEARCH_PATHS = (
					"$(inherited)",
					"$(PROJECT_DIR)/build/Debug-iphoneos/Bolts",
					"$(PROJECT_DIR)/build/Debug-iphoneos/Parse",
					"$(PROJECT_DIR)/build/Debug-iphoneos/ParseUI",
					"$(PROJECT_DIR)/build/Debug-iphoneos/Alamofire",
					"$(PROJECT_DIR)/build/Debug-iphoneos/FBSDKLoginKit",
					"$(PROJECT_DIR)/build/Debug-iphoneos/FBSDKCoreKit",
					"$(PROJECT_DIR)/build/Debug-iphoneos/MDCSwipeToChoose",
					"$(PROJECT_DIR)/build/Debug-iphoneos",
					"$(PROJECT_DIR)/Frameworks",
				);
				HEADER_SEARCH_PATHS = (
					"$(inherited)",
					/Applications/Xcode.app/Contents/Developer/Toolchains/XcodeDefault.xctoolchain/usr/include,
					"\"$(SRCROOT)/Frameworks\"",
					"$(PODS_ROOT)",
				);
				INFOPLIST_FILE = VayKTests/Info.plist;
				IPHONEOS_DEPLOYMENT_TARGET = 9.2;
				LD_RUNPATH_SEARCH_PATHS = "$(inherited) @executable_path/Frameworks";
				PRODUCT_BUNDLE_IDENTIFIER = com.animenim.BlindBox;
				PRODUCT_NAME = "$(TARGET_NAME)";
				PROVISIONING_PROFILE = "";
				SWIFT_OBJC_BRIDGING_HEADER = "VayK/VayK-Bridging-Header.h";
				SWIFT_OPTIMIZATION_LEVEL = "-Onone";
			};
			name = Debug;
		};
		C9563A891B8DD8C7001FD9B3 /* Release */ = {
			isa = XCBuildConfiguration;
			baseConfigurationReference = 201A5AD1E1E6D7249971349E /* Pods-VayK.release.xcconfig */;
			buildSettings = {
				ASSETCATALOG_COMPILER_APPICON_NAME = AppIcon;
				CLANG_ALLOW_NON_MODULAR_INCLUDES_IN_FRAMEWORK_MODULES = NO;
				CLANG_ENABLE_MODULES = YES;
				CODE_SIGN_IDENTITY = "iPhone Developer";
				"CODE_SIGN_IDENTITY[sdk=iphoneos*]" = "iPhone Developer";
				EMBEDDED_CONTENT_CONTAINS_SWIFT = YES;
				FRAMEWORK_SEARCH_PATHS = (
					"$(inherited)",
					"$(PROJECT_DIR)/build/Debug-iphoneos/Bolts",
					"$(PROJECT_DIR)/build/Debug-iphoneos/Parse",
					"$(PROJECT_DIR)/build/Debug-iphoneos/ParseUI",
					"$(PROJECT_DIR)/build/Debug-iphoneos/Alamofire",
					"$(PROJECT_DIR)/build/Debug-iphoneos/FBSDKLoginKit",
					"$(PROJECT_DIR)/build/Debug-iphoneos/FBSDKCoreKit",
					"$(PROJECT_DIR)/build/Debug-iphoneos/MDCSwipeToChoose",
					"$(PROJECT_DIR)/build/Debug-iphoneos",
					"$(PROJECT_DIR)/Frameworks",
				);
				HEADER_SEARCH_PATHS = (
					"$(inherited)",
					/Applications/Xcode.app/Contents/Developer/Toolchains/XcodeDefault.xctoolchain/usr/include,
					"\"$(SRCROOT)/Frameworks\"",
					"$(PODS_ROOT)",
				);
				INFOPLIST_FILE = VayKTests/Info.plist;
				IPHONEOS_DEPLOYMENT_TARGET = 9.2;
				LD_RUNPATH_SEARCH_PATHS = "$(inherited) @executable_path/Frameworks";
				PRODUCT_BUNDLE_IDENTIFIER = com.animenim.BlindBox;
				PRODUCT_NAME = "$(TARGET_NAME)";
				PROVISIONING_PROFILE = "";
				SWIFT_OBJC_BRIDGING_HEADER = "VayK/VayK-Bridging-Header.h";
			};
			name = Release;
		};
		C9563A8B1B8DD8C7001FD9B3 /* Debug */ = {
			isa = XCBuildConfiguration;
			buildSettings = {
				BUNDLE_LOADER = "$(TEST_HOST)";
				FRAMEWORK_SEARCH_PATHS = (
					"$(SDKROOT)/Developer/Library/Frameworks",
					"$(inherited)",
				);
				GCC_PREPROCESSOR_DEFINITIONS = (
					"DEBUG=1",
					"$(inherited)",
				);
				INFOPLIST_FILE = VayKTests/Info.plist;
				LD_RUNPATH_SEARCH_PATHS = "$(inherited) @executable_path/Frameworks @loader_path/Frameworks";
				PRODUCT_BUNDLE_IDENTIFIER = "com.mgoldspink.$(PRODUCT_NAME:rfc1034identifier)";
				PRODUCT_NAME = "$(TARGET_NAME)";
				TEST_HOST = "$(BUILT_PRODUCTS_DIR)/VayK.app/VayK";
			};
			name = Debug;
		};
		C9563A8C1B8DD8C7001FD9B3 /* Release */ = {
			isa = XCBuildConfiguration;
			buildSettings = {
				BUNDLE_LOADER = "$(TEST_HOST)";
				FRAMEWORK_SEARCH_PATHS = (
					"$(SDKROOT)/Developer/Library/Frameworks",
					"$(inherited)",
				);
				INFOPLIST_FILE = VayKTests/Info.plist;
				LD_RUNPATH_SEARCH_PATHS = "$(inherited) @executable_path/Frameworks @loader_path/Frameworks";
				PRODUCT_BUNDLE_IDENTIFIER = "com.mgoldspink.$(PRODUCT_NAME:rfc1034identifier)";
				PRODUCT_NAME = "$(TARGET_NAME)";
				TEST_HOST = "$(BUILT_PRODUCTS_DIR)/VayK.app/VayK";
			};
			name = Release;
		};
/* End XCBuildConfiguration section */

/* Begin XCConfigurationList section */
		C9563A631B8DD8C7001FD9B3 /* Build configuration list for PBXProject "VayK" */ = {
			isa = XCConfigurationList;
			buildConfigurations = (
				C9563A851B8DD8C7001FD9B3 /* Debug */,
				C9563A861B8DD8C7001FD9B3 /* Release */,
			);
			defaultConfigurationIsVisible = 0;
			defaultConfigurationName = Release;
		};
		C9563A871B8DD8C7001FD9B3 /* Build configuration list for PBXNativeTarget "VayK" */ = {
			isa = XCConfigurationList;
			buildConfigurations = (
				C9563A881B8DD8C7001FD9B3 /* Debug */,
				C9563A891B8DD8C7001FD9B3 /* Release */,
			);
			defaultConfigurationIsVisible = 0;
			defaultConfigurationName = Release;
		};
		C9563A8A1B8DD8C7001FD9B3 /* Build configuration list for PBXNativeTarget "VayKTests" */ = {
			isa = XCConfigurationList;
			buildConfigurations = (
				C9563A8B1B8DD8C7001FD9B3 /* Debug */,
				C9563A8C1B8DD8C7001FD9B3 /* Release */,
			);
			defaultConfigurationIsVisible = 0;
			defaultConfigurationName = Release;
		};
/* End XCConfigurationList section */
	};
	rootObject = C9563A601B8DD8C7001FD9B3 /* Project object */;
}
